
Microsoft Visual Studio Solution File, Format Version 12.00
# Visual Studio Version 16
VisualStudioVersion = 16.0.28729.10
MinimumVisualStudioVersion = 10.0.40219.1
Project("{2150E333-8FDC-42A3-9474-1A3956D46DE8}") = "src", "src", "{E513FA3C-0FC5-45EA-AB52-03E8300ACB08}"
EndProject
Project("{2150E333-8FDC-42A3-9474-1A3956D46DE8}") = "tests", "tests", "{1B061823-AA85-4598-BDD8-0BBA06A3663C}"
	ProjectSection(SolutionItems) = preProject
		tests\README.md = tests\README.md
	EndProjectSection
EndProject
Project("{2150E333-8FDC-42A3-9474-1A3956D46DE8}") = "core", "core", "{8C28C1E1-6DF6-4BC1-A9F7-EC4500BCCE23}"
	ProjectSection(SolutionItems) = preProject
		src\core\README.md = src\core\README.md
	EndProjectSection
EndProject
Project("{2150E333-8FDC-42A3-9474-1A3956D46DE8}") = "infrastructure", "infrastructure", "{8EA5C949-A5BC-4996-83B2-8F28DBA651D8}"
	ProjectSection(SolutionItems) = preProject
		src\infrastructure\README.md = src\infrastructure\README.md
	EndProjectSection
EndProject
Project("{2150E333-8FDC-42A3-9474-1A3956D46DE8}") = "presentation", "presentation", "{94749391-40AC-449D-B24C-E07F57E85E86}"
	ProjectSection(SolutionItems) = preProject
		src\presentation\README.md = src\presentation\README.md
	EndProjectSection
EndProject
Project("{9A19103F-16F7-4668-BE54-9A1E7A4F7556}") = "Rezare.rSite.Api", "src\presentation\Rezare.rSite.Api\Rezare.rSite.Api.csproj", "{DDF0F13E-A177-4221-B7A9-2B3D613CA0A6}"
EndProject
Project("{9A19103F-16F7-4668-BE54-9A1E7A4F7556}") = "Rezare.rSite.Domain", "src\core\Rezare.rSite.Domain\Rezare.rSite.Domain.csproj", "{D1CC0C66-DE11-48D4-BE55-1B7BA16EF9DF}"
EndProject
Project("{2150E333-8FDC-42A3-9474-1A3956D46DE8}") = "core", "core", "{C422173E-6ABB-48E9-A1EB-8AB900F00CAE}"
EndProject
Project("{9A19103F-16F7-4668-BE54-9A1E7A4F7556}") = "Rezare.rSite.Domain.Tests", "tests\core\Rezare.rSite.Domain.Tests\Rezare.rSite.Domain.Tests.csproj", "{32A91379-7736-4621-BB82-AA3C0B651F8F}"
EndProject
Project("{9A19103F-16F7-4668-BE54-9A1E7A4F7556}") = "Rezare.rSite.Application", "src\core\Rezare.rSite.Application\Rezare.rSite.Application.csproj", "{BBBF3C6D-8956-49AB-A7B3-ABD888E5BDAE}"
EndProject
Project("{2150E333-8FDC-42A3-9474-1A3956D46DE8}") = "common", "common", "{B66B59D6-486D-4988-AA5C-E2B148DFA2BB}"
EndProject
Project("{9A19103F-16F7-4668-BE54-9A1E7A4F7556}") = "Rezare.rSite.Common", "src\common\Rezare.rSite.Common\Rezare.rSite.Common.csproj", "{6807EF01-B893-49A1-AD31-B6F42536C272}"
EndProject
Project("{2150E333-8FDC-42A3-9474-1A3956D46DE8}") = "solution items", "solution items", "{85B051F3-632C-4D2D-8392-FF3EEFE5710B}"
	ProjectSection(SolutionItems) = preProject
		.editorconfig = .editorconfig
		Directory.Build.props = Directory.Build.props
		README.md = README.md
		Rezare.rSite.ruleset = Rezare.rSite.ruleset
		stylecop.json = stylecop.json
	EndProjectSection
EndProject
Project("{9A19103F-16F7-4668-BE54-9A1E7A4F7556}") = "Rezare.rSite.Persistence", "src\infrastructure\Rezare.rSite.Persistence\Rezare.rSite.Persistence.csproj", "{8F5CAF30-E20C-4C4E-91FA-4205E94552E7}"
EndProject
Global
	GlobalSection(SolutionConfigurationPlatforms) = preSolution
		Debug|Any CPU = Debug|Any CPU
		Release|Any CPU = Release|Any CPU
	EndGlobalSection
	GlobalSection(ProjectConfigurationPlatforms) = postSolution
		{DDF0F13E-A177-4221-B7A9-2B3D613CA0A6}.Debug|Any CPU.ActiveCfg = Debug|Any CPU
		{DDF0F13E-A177-4221-B7A9-2B3D613CA0A6}.Debug|Any CPU.Build.0 = Debug|Any CPU
		{DDF0F13E-A177-4221-B7A9-2B3D613CA0A6}.Release|Any CPU.ActiveCfg = Release|Any CPU
		{DDF0F13E-A177-4221-B7A9-2B3D613CA0A6}.Release|Any CPU.Build.0 = Release|Any CPU
		{D1CC0C66-DE11-48D4-BE55-1B7BA16EF9DF}.Debug|Any CPU.ActiveCfg = Debug|Any CPU
		{D1CC0C66-DE11-48D4-BE55-1B7BA16EF9DF}.Debug|Any CPU.Build.0 = Debug|Any CPU
		{D1CC0C66-DE11-48D4-BE55-1B7BA16EF9DF}.Release|Any CPU.ActiveCfg = Release|Any CPU
		{D1CC0C66-DE11-48D4-BE55-1B7BA16EF9DF}.Release|Any CPU.Build.0 = Release|Any CPU
		{32A91379-7736-4621-BB82-AA3C0B651F8F}.Debug|Any CPU.ActiveCfg = Debug|Any CPU
		{32A91379-7736-4621-BB82-AA3C0B651F8F}.Debug|Any CPU.Build.0 = Debug|Any CPU
		{32A91379-7736-4621-BB82-AA3C0B651F8F}.Release|Any CPU.ActiveCfg = Release|Any CPU
		{32A91379-7736-4621-BB82-AA3C0B651F8F}.Release|Any CPU.Build.0 = Release|Any CPU
		{BBBF3C6D-8956-49AB-A7B3-ABD888E5BDAE}.Debug|Any CPU.ActiveCfg = Debug|Any CPU
		{BBBF3C6D-8956-49AB-A7B3-ABD888E5BDAE}.Debug|Any CPU.Build.0 = Debug|Any CPU
		{BBBF3C6D-8956-49AB-A7B3-ABD888E5BDAE}.Release|Any CPU.ActiveCfg = Release|Any CPU
		{BBBF3C6D-8956-49AB-A7B3-ABD888E5BDAE}.Release|Any CPU.Build.0 = Release|Any CPU
		{6807EF01-B893-49A1-AD31-B6F42536C272}.Debug|Any CPU.ActiveCfg = Debug|Any CPU
		{6807EF01-B893-49A1-AD31-B6F42536C272}.Debug|Any CPU.Build.0 = Debug|Any CPU
		{6807EF01-B893-49A1-AD31-B6F42536C272}.Release|Any CPU.ActiveCfg = Release|Any CPU
		{6807EF01-B893-49A1-AD31-B6F42536C272}.Release|Any CPU.Build.0 = Release|Any CPU
		{8F5CAF30-E20C-4C4E-91FA-4205E94552E7}.Debug|Any CPU.ActiveCfg = Debug|Any CPU
		{8F5CAF30-E20C-4C4E-91FA-4205E94552E7}.Debug|Any CPU.Build.0 = Debug|Any CPU
		{8F5CAF30-E20C-4C4E-91FA-4205E94552E7}.Release|Any CPU.ActiveCfg = Release|Any CPU
		{8F5CAF30-E20C-4C4E-91FA-4205E94552E7}.Release|Any CPU.Build.0 = Release|Any CPU
	EndGlobalSection
	GlobalSection(SolutionProperties) = preSolution
		HideSolutionNode = FALSE
	EndGlobalSection
	GlobalSection(NestedProjects) = preSolution
		{8C28C1E1-6DF6-4BC1-A9F7-EC4500BCCE23} = {E513FA3C-0FC5-45EA-AB52-03E8300ACB08}
		{8EA5C949-A5BC-4996-83B2-8F28DBA651D8} = {E513FA3C-0FC5-45EA-AB52-03E8300ACB08}
		{94749391-40AC-449D-B24C-E07F57E85E86} = {E513FA3C-0FC5-45EA-AB52-03E8300ACB08}
		{DDF0F13E-A177-4221-B7A9-2B3D613CA0A6} = {94749391-40AC-449D-B24C-E07F57E85E86}
		{D1CC0C66-DE11-48D4-BE55-1B7BA16EF9DF} = {8C28C1E1-6DF6-4BC1-A9F7-EC4500BCCE23}
		{C422173E-6ABB-48E9-A1EB-8AB900F00CAE} = {1B061823-AA85-4598-BDD8-0BBA06A3663C}
		{32A91379-7736-4621-BB82-AA3C0B651F8F} = {C422173E-6ABB-48E9-A1EB-8AB900F00CAE}
		{BBBF3C6D-8956-49AB-A7B3-ABD888E5BDAE} = {8C28C1E1-6DF6-4BC1-A9F7-EC4500BCCE23}
		{B66B59D6-486D-4988-AA5C-E2B148DFA2BB} = {E513FA3C-0FC5-45EA-AB52-03E8300ACB08}
		{6807EF01-B893-49A1-AD31-B6F42536C272} = {B66B59D6-486D-4988-AA5C-E2B148DFA2BB}
		{8F5CAF30-E20C-4C4E-91FA-4205E94552E7} = {8EA5C949-A5BC-4996-83B2-8F28DBA651D8}
	EndGlobalSection
	GlobalSection(ExtensibilityGlobals) = postSolution
		SolutionGuid = {1188FA3E-7135-4A99-AB76-85EE2C90975C}
	EndGlobalSection
EndGlobal
